
Microsoft Visual Studio Solution File, Format Version 12.00
# Visual Studio Version 17
VisualStudioVersion = 17.4.33213.308
MinimumVisualStudioVersion = 10.0.40219.1
Project("{FAE04EC0-301F-11D3-BF4B-00C04F79EFBC}") = "SAGA0.3", "SAGA0.3.csproj", "{EC89B8CB-A64D-438F-92FB-7D116E39A329}"
EndProject
Global
	GlobalSection(SolutionConfigurationPlatforms) = preSolution
		Debug|Any CPU = Debug|Any CPU
		Release|Any CPU = Release|Any CPU
	EndGlobalSection
	GlobalSection(ProjectConfigurationPlatforms) = postSolution
		{EC89B8CB-A64D-438F-92FB-7D116E39A329}.Debug|Any CPU.ActiveCfg = Debug|Any CPU
		{EC89B8CB-A64D-438F-92FB-7D116E39A329}.Debug|Any CPU.Build.0 = Debug|Any CPU
		{EC89B8CB-A64D-438F-92FB-7D116E39A329}.Release|Any CPU.ActiveCfg = Release|Any CPU
		{EC89B8CB-A64D-438F-92FB-7D116E39A329}.Release|Any CPU.Build.0 = Release|Any CPU
	EndGlobalSection
	GlobalSection(SolutionProperties) = preSolution
		HideSolutionNode = FALSE
	EndGlobalSection
	GlobalSection(ExtensibilityGlobals) = postSolution
		SolutionGuid = {1860B835-6BE5-48E4-8B40-EA29A54C05E6}
	EndGlobalSection
EndGlobal
